# This file is autogenerated, do not edit; changes may be undone by the next 'dep ensure'.


[[projects]]
  digest = "1:ffe9824d294da03b391f44e1ae8281281b4afc1bdaa9588c9097785e3af10cec"
  name = "github.com/davecgh/go-spew"
  packages = ["spew"]
  pruneopts = "UT"
  revision = "8991bc29aa16c548c550c7ff78260e27b9ab7c73"
  version = "v1.1.1"

[[projects]]
  digest = "1:c1795e3e820acf3dd3a17ae97d752a6498d2bf6ecb81a06cb4e13169f72e5286"
  name = "github.com/go-stack/stack"
  packages = ["."]
  pruneopts = "UT"
  revision = "93c7c7e3550c72bc91dead1452a0020142e2a902"
  version = "v1.8.1"

[[projects]]
  digest = "1:bbba45b09b3b502dc39afb36c3e9f89b9c2832b1f6d673277c97eade8875e462"
  name = "github.com/google/uuid"
  packages = ["."]
  pruneopts = "UT"
  revision = "44b5fee7c49cf3bcdf723f106b36d56ef13ccc88"
  version = "v1.3.0"

[[projects]]
  digest = "1:5c56664d98f37f0ee54bf572b0b189a3910c34c31052fc7d58b282c449b079fb"
  name = "github.com/inconshreveable/log15"
  packages = ["."]
  pruneopts = "UT"
  revision = "b30bc20e4fd12cec79a9aae62e91cfcf458bd253"
  version = "v2.15"

[[projects]]
  digest = "1:fa6d7a5a592ad4052351be50fe4a66f9974a203eff6b675841ab64d99d17bb8e"
  name = "github.com/magiconair/properties"
  packages = ["."]
  pruneopts = "UT"
  revision = "869a5592420f4ff6ebf74500b5c658b29d973172"
  version = "v1.8.6"

[[projects]]
  digest = "1:bfd19f00967e10367aaaf4b09545873750ac3cb9762d66243e9b7954327cc113"
  name = "github.com/mattn/go-colorable"
  packages = ["."]
  pruneopts = "UT"
  revision = "e1bb79c8d53c38a60962ad4b8f658226cc983710"
  version = "v0.1.12"

[[projects]]
  digest = "1:e66bb4fe1fb8b48e9bed410b198498cef8fa6701a5e3eb0ee7f07b74153a7fbc"
  name = "github.com/mattn/go-isatty"
  packages = ["."]
  pruneopts = "UT"
  revision = "504425e14f742f1f517c4586048b49b37f829c8e"
  version = "v0.0.14"

[[projects]]
  digest = "1:7d3afaae6a55a27a717f7d9b2b3d9fe063b4375cd352b00c25d25c9ee85e101e"
  name = "github.com/ozontech/allure-go"
  packages = [
    "pkg/allure",
    "pkg/framework/asserts_wrapper/helper",
    "pkg/framework/asserts_wrapper/wrapper",
    "pkg/framework/core/allure_manager/adapter",
    "pkg/framework/core/allure_manager/ctx",
    "pkg/framework/core/allure_manager/manager",
    "pkg/framework/core/allure_manager/testplan",
    "pkg/framework/core/common",
    "pkg/framework/core/constants",
    "pkg/framework/provider",
    "pkg/framework/runner",
    "pkg/framework/suite",
  ]
  pruneopts = "UT"
  revision = "72f49e4d60efdd92f4e3bc171ebac4c06283109b"
  version = "v0.6.9"

[[projects]]
  digest = "1:9e1d37b58d17113ec3cb5608ac0382313c5b59470b94ed97d0976e69c7022314"
  name = "github.com/pkg/errors"
  packages = ["."]
  pruneopts = "UT"
  revision = "614d223910a179a466c1767a985424175c39b465"
  version = "v0.9.1"

[[projects]]
  digest = "1:0028cb19b2e4c3112225cd871870f2d9cf49b9b4276531f03438a88e94be86fe"
  name = "github.com/pmezard/go-difflib"
  packages = ["difflib"]
  pruneopts = "UT"
  revision = "792786c7400a136282c1664665ae0a8db921c6c2"
  version = "v1.0.0"

[[projects]]
  digest = "1:47b565d873ecca0f809610cd107995a41eb8a349c434c2e7cabd547a8f6fb1e5"
  name = "github.com/stretchr/testify"
  packages = ["assert"]
  pruneopts = "UT"
  revision = "48391ba5eb8c5f49132138e67ec112d180b88f63"
  version = "v1.7.4"

[[projects]]
  branch = "master"
  digest = "1:c636e0144c6bbc502d98ccd9b568ec4c8aec2e745c3e0a77a9367532a01b16d7"
  name = "golang.org/x/sys"
  packages = [
    "internal/unsafeheader",
    "unix",
  ]
  pruneopts = "UT"
  revision = "4f61da869c0cac4042c389774ce3a1627c48b555"

[[projects]]
  digest = "1:0d58f1f9964495f627de70f2db37d14c39dca5ee41f49739ea7dffcbc84dd84d"
  name = "gopkg.in/yaml.v3"
  packages = ["."]
  pruneopts = "UT"
  revision = "f6f7691b1fdeb513f56608cd2c32c51f8194bf51"
  version = "v3.0.1"

[solve-meta]
  analyzer-name = "dep"
  analyzer-version = 1
  input-imports = [
    "github.com/inconshreveable/log15",
    "github.com/magiconair/properties",
    "github.com/ozontech/allure-go/pkg/framework/provider",
    "github.com/ozontech/allure-go/pkg/framework/runner",
    "github.com/ozontech/allure-go/pkg/framework/suite",
    "github.com/stretchr/testify/assert",
  ]
  solver-name = "gps-cdcl"
  solver-version = 1
