# This file is autogenerated, do not edit; changes may be undone by the next 'dep ensure'.


[[projects]]
  digest = "1:9e71d7e70f7a85f9567c188ad2200b37009a962059e6c23a69572ef1d03ffad1"
  name = "github.com/dailymotion/allure-go"
  packages = [
    ".",
    "severity",
  ]
  pruneopts = "UT"
  revision = "7173d591f7c830602ab2a06ee383cab22d6f0485"
  version = "v2.0"

[[projects]]
  digest = "1:ffe9824d294da03b391f44e1ae8281281b4afc1bdaa9588c9097785e3af10cec"
  name = "github.com/davecgh/go-spew"
  packages = ["spew"]
  pruneopts = "UT"
  revision = "8991bc29aa16c548c550c7ff78260e27b9ab7c73"
  version = "v1.1.1"

[[projects]]
  digest = "1:bbc4aacabe6880bdbce849c64cb061b7eddf39f132af4ea2853ddd32f85fbec3"
  name = "github.com/fatih/camelcase"
  packages = ["."]
  pruneopts = "UT"
  revision = "44e46d280b43ec1531bb25252440e34f1b800b65"
  version = "v1.0.0"

[[projects]]
  digest = "1:c1795e3e820acf3dd3a17ae97d752a6498d2bf6ecb81a06cb4e13169f72e5286"
  name = "github.com/go-stack/stack"
  packages = ["."]
  pruneopts = "UT"
  revision = "93c7c7e3550c72bc91dead1452a0020142e2a902"
  version = "v1.8.1"

[[projects]]
  digest = "1:a8954a509a9f159c37d048627fdbc049eb4537008b03db07f81a3baace0d968c"
  name = "github.com/gopherjs/gopherjs"
  packages = ["js"]
  pruneopts = "UT"
  revision = "fcf8e05a6f4fe7573b43c6bc65c2d1166fbd48cd"
  version = "v1.17.2"

[[projects]]
  digest = "1:5c56664d98f37f0ee54bf572b0b189a3910c34c31052fc7d58b282c449b079fb"
  name = "github.com/inconshreveable/log15"
  packages = ["."]
  pruneopts = "UT"
  revision = "b30bc20e4fd12cec79a9aae62e91cfcf458bd253"
  version = "v2.15"

[[projects]]
  digest = "1:4b63210654b1f2b664f74ec434a1bb1cb442b3d75742cc064a10808d1cca6361"
  name = "github.com/jtolds/gls"
  packages = ["."]
  pruneopts = "UT"
  revision = "b4936e06046bbecbb94cae9c18127ebe510a2cb9"
  version = "v4.20"

[[projects]]
  digest = "1:fa6d7a5a592ad4052351be50fe4a66f9974a203eff6b675841ab64d99d17bb8e"
  name = "github.com/magiconair/properties"
  packages = ["."]
  pruneopts = "UT"
  revision = "869a5592420f4ff6ebf74500b5c658b29d973172"
  version = "v1.8.6"

[[projects]]
  digest = "1:bfd19f00967e10367aaaf4b09545873750ac3cb9762d66243e9b7954327cc113"
  name = "github.com/mattn/go-colorable"
  packages = ["."]
  pruneopts = "UT"
  revision = "e1bb79c8d53c38a60962ad4b8f658226cc983710"
  version = "v0.1.12"

[[projects]]
  digest = "1:e66bb4fe1fb8b48e9bed410b198498cef8fa6701a5e3eb0ee7f07b74153a7fbc"
  name = "github.com/mattn/go-isatty"
  packages = ["."]
  pruneopts = "UT"
  revision = "504425e14f742f1f517c4586048b49b37f829c8e"
  version = "v0.0.14"

[[projects]]
  digest = "1:9e1d37b58d17113ec3cb5608ac0382313c5b59470b94ed97d0976e69c7022314"
  name = "github.com/pkg/errors"
  packages = ["."]
  pruneopts = "UT"
  revision = "614d223910a179a466c1767a985424175c39b465"
  version = "v0.9.1"

[[projects]]
  digest = "1:0028cb19b2e4c3112225cd871870f2d9cf49b9b4276531f03438a88e94be86fe"
  name = "github.com/pmezard/go-difflib"
  packages = ["difflib"]
  pruneopts = "UT"
  revision = "792786c7400a136282c1664665ae0a8db921c6c2"
  version = "v1.0.0"

[[projects]]
  digest = "1:a355004ce10aa083bf8e75ca188a147d24b60997d2bf1e5d7a8e396011f24819"
  name = "github.com/stretchr/testify"
  packages = [
    "assert",
    "require",
    "suite",
  ]
  pruneopts = "UT"
  revision = "48391ba5eb8c5f49132138e67ec112d180b88f63"
  version = "v1.7.4"

[[projects]]
  branch = "master"
  digest = "1:c636e0144c6bbc502d98ccd9b568ec4c8aec2e745c3e0a77a9367532a01b16d7"
  name = "golang.org/x/sys"
  packages = [
    "internal/unsafeheader",
    "unix",
  ]
  pruneopts = "UT"
  revision = "4f61da869c0cac4042c389774ce3a1627c48b555"

[[projects]]
  digest = "1:0d58f1f9964495f627de70f2db37d14c39dca5ee41f49739ea7dffcbc84dd84d"
  name = "gopkg.in/yaml.v3"
  packages = ["."]
  pruneopts = "UT"
  revision = "f6f7691b1fdeb513f56608cd2c32c51f8194bf51"
  version = "v3.0.1"

[solve-meta]
  analyzer-name = "dep"
  analyzer-version = 1
  input-imports = [
    "github.com/dailymotion/allure-go",
    "github.com/inconshreveable/log15",
    "github.com/magiconair/properties",
    "github.com/stretchr/testify/assert",
    "github.com/stretchr/testify/suite",
  ]
  solver-name = "gps-cdcl"
  solver-version = 1
