# This file is autogenerated, do not edit; changes may be undone by the next 'dep ensure'.


[[projects]]
  digest = "1:c1795e3e820acf3dd3a17ae97d752a6498d2bf6ecb81a06cb4e13169f72e5286"
  name = "github.com/go-stack/stack"
  packages = ["."]
  pruneopts = "UT"
  revision = "93c7c7e3550c72bc91dead1452a0020142e2a902"
  version = "v1.8.1"

[[projects]]
  digest = "1:5c56664d98f37f0ee54bf572b0b189a3910c34c31052fc7d58b282c449b079fb"
  name = "github.com/inconshreveable/log15"
  packages = ["."]
  pruneopts = "UT"
  revision = "b30bc20e4fd12cec79a9aae62e91cfcf458bd253"
  version = "v2.15"

[[projects]]
  digest = "1:bfd19f00967e10367aaaf4b09545873750ac3cb9762d66243e9b7954327cc113"
  name = "github.com/mattn/go-colorable"
  packages = ["."]
  pruneopts = "UT"
  revision = "e1bb79c8d53c38a60962ad4b8f658226cc983710"
  version = "v0.1.12"

[[projects]]
  digest = "1:e66bb4fe1fb8b48e9bed410b198498cef8fa6701a5e3eb0ee7f07b74153a7fbc"
  name = "github.com/mattn/go-isatty"
  packages = ["."]
  pruneopts = "UT"
  revision = "504425e14f742f1f517c4586048b49b37f829c8e"
  version = "v0.0.14"

[[projects]]
  branch = "master"
  digest = "1:c636e0144c6bbc502d98ccd9b568ec4c8aec2e745c3e0a77a9367532a01b16d7"
  name = "golang.org/x/sys"
  packages = [
    "internal/unsafeheader",
    "unix",
  ]
  pruneopts = "UT"
  revision = "4f61da869c0cac4042c389774ce3a1627c48b555"

[solve-meta]
  analyzer-name = "dep"
  analyzer-version = 1
  input-imports = ["github.com/inconshreveable/log15"]
  solver-name = "gps-cdcl"
  solver-version = 1
